
Microsoft Visual Studio Solution File, Format Version 12.00
# Visual Studio Version 16
VisualStudioVersion = 16.0.30804.86
MinimumVisualStudioVersion = 10.0.40219.1
Project("{FAE04EC0-301F-11D3-BF4B-00C04F79EFBC}") = "Less Busy", "Less Busy.csproj", "{626B42ED-133B-4E01-8E92-BE4CB9774ED6}"
EndProject
Global
	GlobalSection(SolutionConfigurationPlatforms) = preSolution
		Debug|Any CPU = Debug|Any CPU
		Release|Any CPU = Release|Any CPU
	EndGlobalSection
	GlobalSection(ProjectConfigurationPlatforms) = postSolution
		{626B42ED-133B-4E01-8E92-BE4CB9774ED6}.Debug|Any CPU.ActiveCfg = Debug|Any CPU
		{626B42ED-133B-4E01-8E92-BE4CB9774ED6}.Debug|Any CPU.Build.0 = Debug|Any CPU
		{626B42ED-133B-4E01-8E92-BE4CB9774ED6}.Release|Any CPU.ActiveCfg = Release|Any CPU
		{626B42ED-133B-4E01-8E92-BE4CB9774ED6}.Release|Any CPU.Build.0 = Release|Any CPU
	EndGlobalSection
	GlobalSection(SolutionProperties) = preSolution
		HideSolutionNode = FALSE
	EndGlobalSection
	GlobalSection(ExtensibilityGlobals) = postSolution
		SolutionGuid = {AFD34C7F-D395-4220-A36C-2CAE1219F90C}
	EndGlobalSection
EndGlobal
